
Microsoft Visual Studio Solution File, Format Version 12.00
# Visual Studio Version 17
VisualStudioVersion = 17.5.002.0
MinimumVisualStudioVersion = 10.0.40219.1
Project("{9A19103F-16F7-4668-BE54-9A1E7A4F7556}") = "guessing_game", "guessing_game.csproj", "{4B26302D-F8BC-42A8-A497-111FDFE491E9}"
EndProject
Global
	GlobalSection(SolutionConfigurationPlatforms) = preSolution
		Debug|Any CPU = Debug|Any CPU
		Release|Any CPU = Release|Any CPU
	EndGlobalSection
	GlobalSection(ProjectConfigurationPlatforms) = postSolution
		{4B26302D-F8BC-42A8-A497-111FDFE491E9}.Debug|Any CPU.ActiveCfg = Debug|Any CPU
		{4B26302D-F8BC-42A8-A497-111FDFE491E9}.Debug|Any CPU.Build.0 = Debug|Any CPU
		{4B26302D-F8BC-42A8-A497-111FDFE491E9}.Release|Any CPU.ActiveCfg = Release|Any CPU
		{4B26302D-F8BC-42A8-A497-111FDFE491E9}.Release|Any CPU.Build.0 = Release|Any CPU
	EndGlobalSection
	GlobalSection(SolutionProperties) = preSolution
		HideSolutionNode = FALSE
	EndGlobalSection
	GlobalSection(ExtensibilityGlobals) = postSolution
		SolutionGuid = {AE0D7221-AAAF-41E6-93DA-163F367DB39F}
	EndGlobalSection
EndGlobal
